
Microsoft Visual Studio Solution File, Format Version 12.00
# Visual Studio Version 16
VisualStudioVersion = 16.0.29519.87
MinimumVisualStudioVersion = 10.0.40219.1
Project("{FAE04EC0-301F-11D3-BF4B-00C04F79EFBC}") = "Xadrez", "Xadrez\Xadrez.csproj", "{E917EF90-02D7-4F67-B2EB-64628B8E8A3A}"
EndProject
Global
	GlobalSection(SolutionConfigurationPlatforms) = preSolution
		Debug|Any CPU = Debug|Any CPU
		Release|Any CPU = Release|Any CPU
	EndGlobalSection
	GlobalSection(ProjectConfigurationPlatforms) = postSolution
		{E917EF90-02D7-4F67-B2EB-64628B8E8A3A}.Debug|Any CPU.ActiveCfg = Debug|Any CPU
		{E917EF90-02D7-4F67-B2EB-64628B8E8A3A}.Debug|Any CPU.Build.0 = Debug|Any CPU
		{E917EF90-02D7-4F67-B2EB-64628B8E8A3A}.Release|Any CPU.ActiveCfg = Release|Any CPU
		{E917EF90-02D7-4F67-B2EB-64628B8E8A3A}.Release|Any CPU.Build.0 = Release|Any CPU
	EndGlobalSection
	GlobalSection(SolutionProperties) = preSolution
		HideSolutionNode = FALSE
	EndGlobalSection
	GlobalSection(ExtensibilityGlobals) = postSolution
		SolutionGuid = {0A5B9F46-5E6C-4AEA-9A1A-DF45BD78F12F}
	EndGlobalSection
EndGlobal
